
Microsoft Visual Studio Solution File, Format Version 12.00
# Visual Studio 15
VisualStudioVersion = 15.0.28010.2048
MinimumVisualStudioVersion = 10.0.40219.1
Project("{FAE04EC0-301F-11D3-BF4B-00C04F79EFBC}") = "KeePassXMLTo1PasswordCSV", "KeePassXMLTo1PasswordCSV.csproj", "{A6E15563-580C-452A-A371-64053361563B}"
EndProject
Global
	GlobalSection(SolutionConfigurationPlatforms) = preSolution
		Debug|Any CPU = Debug|Any CPU
		Release|Any CPU = Release|Any CPU
	EndGlobalSection
	GlobalSection(ProjectConfigurationPlatforms) = postSolution
		{A6E15563-580C-452A-A371-64053361563B}.Debug|Any CPU.ActiveCfg = Debug|Any CPU
		{A6E15563-580C-452A-A371-64053361563B}.Debug|Any CPU.Build.0 = Debug|Any CPU
		{A6E15563-580C-452A-A371-64053361563B}.Release|Any CPU.ActiveCfg = Release|Any CPU
		{A6E15563-580C-452A-A371-64053361563B}.Release|Any CPU.Build.0 = Release|Any CPU
	EndGlobalSection
	GlobalSection(SolutionProperties) = preSolution
		HideSolutionNode = FALSE
	EndGlobalSection
	GlobalSection(ExtensibilityGlobals) = postSolution
		SolutionGuid = {2C9F3485-B2DD-4167-BD64-D6CFEC79C47D}
	EndGlobalSection
EndGlobal
